
Microsoft Visual Studio Solution File, Format Version 12.00
# Visual Studio Version 17
VisualStudioVersion = 17.9.34607.119
MinimumVisualStudioVersion = 10.0.40219.1
Project("{FAE04EC0-301F-11D3-BF4B-00C04F79EFBC}") = "GoogleSigninTest.Server", "GoogleSigninTest\Server\GoogleSigninTest.Server.csproj", "{1CBBB5C1-31AF-4A40-B1D5-4EDF0C965BAC}"
EndProject
Project("{FAE04EC0-301F-11D3-BF4B-00C04F79EFBC}") = "GoogleSigninTest.Client", "GoogleSigninTest\Client\GoogleSigninTest.Client.csproj", "{249ED9E4-84C6-454F-9D6A-8326A1DA33B5}"
EndProject
Project("{FAE04EC0-301F-11D3-BF4B-00C04F79EFBC}") = "GoogleSigninTest.Shared", "GoogleSigninTest\Shared\GoogleSigninTest.Shared.csproj", "{1EF78F52-46EA-44C9-8CEE-EA74B6DEA529}"
EndProject
Global
	GlobalSection(SolutionConfigurationPlatforms) = preSolution
		Debug|Any CPU = Debug|Any CPU
		Release|Any CPU = Release|Any CPU
	EndGlobalSection
	GlobalSection(ProjectConfigurationPlatforms) = postSolution
		{1CBBB5C1-31AF-4A40-B1D5-4EDF0C965BAC}.Debug|Any CPU.ActiveCfg = Debug|Any CPU
		{1CBBB5C1-31AF-4A40-B1D5-4EDF0C965BAC}.Debug|Any CPU.Build.0 = Debug|Any CPU
		{1CBBB5C1-31AF-4A40-B1D5-4EDF0C965BAC}.Release|Any CPU.ActiveCfg = Release|Any CPU
		{1CBBB5C1-31AF-4A40-B1D5-4EDF0C965BAC}.Release|Any CPU.Build.0 = Release|Any CPU
		{249ED9E4-84C6-454F-9D6A-8326A1DA33B5}.Debug|Any CPU.ActiveCfg = Debug|Any CPU
		{249ED9E4-84C6-454F-9D6A-8326A1DA33B5}.Debug|Any CPU.Build.0 = Debug|Any CPU
		{249ED9E4-84C6-454F-9D6A-8326A1DA33B5}.Release|Any CPU.ActiveCfg = Release|Any CPU
		{249ED9E4-84C6-454F-9D6A-8326A1DA33B5}.Release|Any CPU.Build.0 = Release|Any CPU
		{1EF78F52-46EA-44C9-8CEE-EA74B6DEA529}.Debug|Any CPU.ActiveCfg = Debug|Any CPU
		{1EF78F52-46EA-44C9-8CEE-EA74B6DEA529}.Debug|Any CPU.Build.0 = Debug|Any CPU
		{1EF78F52-46EA-44C9-8CEE-EA74B6DEA529}.Release|Any CPU.ActiveCfg = Release|Any CPU
		{1EF78F52-46EA-44C9-8CEE-EA74B6DEA529}.Release|Any CPU.Build.0 = Release|Any CPU
	EndGlobalSection
	GlobalSection(SolutionProperties) = preSolution
		HideSolutionNode = FALSE
	EndGlobalSection
	GlobalSection(ExtensibilityGlobals) = postSolution
		SolutionGuid = {EDAA0BB5-7EA0-4160-A372-F83538BC3540}
	EndGlobalSection
EndGlobal
